// !$*UTF8*$!
{
	archiveVersion = 1;
	classes = {
	};
	objectVersion = 46;
	objects = {

/* Begin PBXBuildFile section */
		A09C08661B15020D00BD3157 /* AppDelegate.swift in Sources */ = {isa = PBXBuildFile; fileRef = A09C08651B15020D00BD3157 /* AppDelegate.swift */; };
		A09C08681B15020D00BD3157 /* MemeEditorViewController.swift in Sources */ = {isa = PBXBuildFile; fileRef = A09C08671B15020D00BD3157 /* MemeEditorViewController.swift */; };
		A09C086B1B15020D00BD3157 /* Main.storyboard in Resources */ = {isa = PBXBuildFile; fileRef = A09C08691B15020D00BD3157 /* Main.storyboard */; };
		A09C086D1B15020D00BD3157 /* Images.xcassets in Resources */ = {isa = PBXBuildFile; fileRef = A09C086C1B15020D00BD3157 /* Images.xcassets */; };
		A09C08701B15020D00BD3157 /* LaunchScreen.xib in Resources */ = {isa = PBXBuildFile; fileRef = A09C086E1B15020D00BD3157 /* LaunchScreen.xib */; };
		A09C087C1B15020D00BD3157 /* MemeMeTests.swift in Sources */ = {isa = PBXBuildFile; fileRef = A09C087B1B15020D00BD3157 /* MemeMeTests.swift */; };
		A09C08871B164C2600BD3157 /* Meme.swift in Sources */ = {isa = PBXBuildFile; fileRef = A09C08861B164C2600BD3157 /* Meme.swift */; };
		A09C08891B165AE100BD3157 /* MemeTableViewController.swift in Sources */ = {isa = PBXBuildFile; fileRef = A09C08881B165AE100BD3157 /* MemeTableViewController.swift */; };
		A09C088B1B165AF500BD3157 /* MemeCollectionViewController.swift in Sources */ = {isa = PBXBuildFile; fileRef = A09C088A1B165AF500BD3157 /* MemeCollectionViewController.swift */; };
		A09C088D1B176E7600BD3157 /* MemeCollectionViewCell.swift in Sources */ = {isa = PBXBuildFile; fileRef = A09C088C1B176E7600BD3157 /* MemeCollectionViewCell.swift */; };
		A09C088F1B18F19300BD3157 /* MemeDetailViewController.swift in Sources */ = {isa = PBXBuildFile; fileRef = A09C088E1B18F19300BD3157 /* MemeDetailViewController.swift */; };
		A09C08911B1CB0C400BD3157 /* MemeTableViewCell.swift in Sources */ = {isa = PBXBuildFile; fileRef = A09C08901B1CB0C400BD3157 /* MemeTableViewCell.swift */; };
/* End PBXBuildFile section */

/* Begin PBXContainerItemProxy section */
		A09C08761B15020D00BD3157 /* PBXContainerItemProxy */ = {
			isa = PBXContainerItemProxy;
			containerPortal = A09C08581B15020D00BD3157 /* Project object */;
			proxyType = 1;
			remoteGlobalIDString = A09C085F1B15020D00BD3157;
			remoteInfo = MemeMe;
		};
/* End PBXContainerItemProxy section */

/* Begin PBXFileReference section */
		A09C08601B15020D00BD3157 /* MemeMe.app */ = {isa = PBXFileReference; explicitFileType = wrapper.application; includeInIndex = 0; path = MemeMe.app; sourceTree = BUILT_PRODUCTS_DIR; };
		A09C08641B15020D00BD3157 /* Info.plist */ = {isa = PBXFileReference; lastKnownFileType = text.plist.xml; path = Info.plist; sourceTree = "<group>"; };
		A09C08651B15020D00BD3157 /* AppDelegate.swift */ = {isa = PBXFileReference; lastKnownFileType = sourcecode.swift; path = AppDelegate.swift; sourceTree = "<group>"; };
		A09C08671B15020D00BD3157 /* MemeEditorViewController.swift */ = {isa = PBXFileReference; lastKnownFileType = sourcecode.swift; path = MemeEditorViewController.swift; sourceTree = "<group>"; };
		A09C086A1B15020D00BD3157 /* Base */ = {isa = PBXFileReference; lastKnownFileType = file.storyboard; name = Base; path = Base.lproj/Main.storyboard; sourceTree = "<group>"; };
		A09C086C1B15020D00BD3157 /* Images.xcassets */ = {isa = PBXFileReference; lastKnownFileType = folder.assetcatalog; path = Images.xcassets; sourceTree = "<group>"; };
		A09C086F1B15020D00BD3157 /* Base */ = {isa = PBXFileReference; lastKnownFileType = file.xib; name = Base; path = Base.lproj/LaunchScreen.xib; sourceTree = "<group>"; };
		A09C08751B15020D00BD3157 /* MemeMeTests.xctest */ = {isa = PBXFileReference; explicitFileType = wrapper.cfbundle; includeInIndex = 0; path = MemeMeTests.xctest; sourceTree = BUILT_PRODUCTS_DIR; };
		A09C087A1B15020D00BD3157 /* Info.plist */ = {isa = PBXFileReference; lastKnownFileType = text.plist.xml; path = Info.plist; sourceTree = "<group>"; };
		A09C087B1B15020D00BD3157 /* MemeMeTests.swift */ = {isa = PBXFileReference; lastKnownFileType = sourcecode.swift; path = MemeMeTests.swift; sourceTree = "<group>"; };
		A09C08861B164C2600BD3157 /* Meme.swift */ = {isa = PBXFileReference; fileEncoding = 4; lastKnownFileType = sourcecode.swift; path = Meme.swift; sourceTree = "<group>"; };
		A09C08881B165AE100BD3157 /* MemeTableViewController.swift */ = {isa = PBXFileReference; fileEncoding = 4; lastKnownFileType = sourcecode.swift; path = MemeTableViewController.swift; sourceTree = "<group>"; };
		A09C088A1B165AF500BD3157 /* MemeCollectionViewController.swift */ = {isa = PBXFileReference; fileEncoding = 4; lastKnownFileType = sourcecode.swift; path = MemeCollectionViewController.swift; sourceTree = "<group>"; };
		A09C088C1B176E7600BD3157 /* MemeCollectionViewCell.swift */ = {isa = PBXFileReference; fileEncoding = 4; lastKnownFileType = sourcecode.swift; path = MemeCollectionViewCell.swift; sourceTree = "<group>"; };
		A09C088E1B18F19300BD3157 /* MemeDetailViewController.swift */ = {isa = PBXFileReference; fileEncoding = 4; lastKnownFileType = sourcecode.swift; path = MemeDetailViewController.swift; sourceTree = "<group>"; };
		A09C08901B1CB0C400BD3157 /* MemeTableViewCell.swift */ = {isa = PBXFileReference; fileEncoding = 4; lastKnownFileType = sourcecode.swift; path = MemeTableViewCell.swift; sourceTree = "<group>"; };
/* End PBXFileReference section */

/* Begin PBXFrameworksBuildPhase section */
		A09C085D1B15020D00BD3157 /* Frameworks */ = {
			isa = PBXFrameworksBuildPhase;
			buildActionMask = 2147483647;
			files = (
			);
			runOnlyForDeploymentPostprocessing = 0;
		};
		A09C08721B15020D00BD3157 /* Frameworks */ = {
			isa = PBXFrameworksBuildPhase;
			buildActionMask = 2147483647;
			files = (
			);
			runOnlyForDeploymentPostprocessing = 0;
		};
/* End PBXFrameworksBuildPhase section */

/* Begin PBXGroup section */
		A09C08571B15020D00BD3157 = {
			isa = PBXGroup;
			children = (
				A09C08621B15020D00BD3157 /* MemeMe */,
				A09C08781B15020D00BD3157 /* MemeMeTests */,
				A09C08611B15020D00BD3157 /* Products */,
			);
			sourceTree = "<group>";
		};
		A09C08611B15020D00BD3157 /* Products */ = {
			isa = PBXGroup;
			children = (
				A09C08601B15020D00BD3157 /* MemeMe.app */,
				A09C08751B15020D00BD3157 /* MemeMeTests.xctest */,
			);
			name = Products;
			sourceTree = "<group>";
		};
		A09C08621B15020D00BD3157 /* MemeMe */ = {
			isa = PBXGroup;
			children = (
				A09C08851B164BF800BD3157 /* Models */,
				A09C08651B15020D00BD3157 /* AppDelegate.swift */,
				A09C08671B15020D00BD3157 /* MemeEditorViewController.swift */,
				A09C088E1B18F19300BD3157 /* MemeDetailViewController.swift */,
				A09C08881B165AE100BD3157 /* MemeTableViewController.swift */,
				A09C08901B1CB0C400BD3157 /* MemeTableViewCell.swift */,
				A09C088A1B165AF500BD3157 /* MemeCollectionViewController.swift */,
				A09C088C1B176E7600BD3157 /* MemeCollectionViewCell.swift */,
				A09C08691B15020D00BD3157 /* Main.storyboard */,
				A09C086C1B15020D00BD3157 /* Images.xcassets */,
				A09C086E1B15020D00BD3157 /* LaunchScreen.xib */,
				A09C08631B15020D00BD3157 /* Supporting Files */,
			);
			path = MemeMe;
			sourceTree = "<group>";
		};
		A09C08631B15020D00BD3157 /* Supporting Files */ = {
			isa = PBXGroup;
			children = (
				A09C08641B15020D00BD3157 /* Info.plist */,
			);
			name = "Supporting Files";
			sourceTree = "<group>";
		};
		A09C08781B15020D00BD3157 /* MemeMeTests */ = {
			isa = PBXGroup;
			children = (
				A09C087B1B15020D00BD3157 /* MemeMeTests.swift */,
				A09C08791B15020D00BD3157 /* Supporting Files */,
			);
			path = MemeMeTests;
			sourceTree = "<group>";
		};
		A09C08791B15020D00BD3157 /* Supporting Files */ = {
			isa = PBXGroup;
			children = (
				A09C087A1B15020D00BD3157 /* Info.plist */,
			);
			name = "Supporting Files";
			sourceTree = "<group>";
		};
		A09C08851B164BF800BD3157 /* Models */ = {
			isa = PBXGroup;
			children = (
				A09C08861B164C2600BD3157 /* Meme.swift */,
			);
			name = Models;
			sourceTree = "<group>";
		};
/* End PBXGroup section */

/* Begin PBXNativeTarget section */
		A09C085F1B15020D00BD3157 /* MemeMe */ = {
			isa = PBXNativeTarget;
			buildConfigurationList = A09C087F1B15020D00BD3157 /* Build configuration list for PBXNativeTarget "MemeMe" */;
			buildPhases = (
				A09C085C1B15020D00BD3157 /* Sources */,
				A09C085D1B15020D00BD3157 /* Frameworks */,
				A09C085E1B15020D00BD3157 /* Resources */,
			);
			buildRules = (
			);
			dependencies = (
			);
			name = MemeMe;
			productName = MemeMe;
			productReference = A09C08601B15020D00BD3157 /* MemeMe.app */;
			productType = "com.apple.product-type.application";
		};
		A09C08741B15020D00BD3157 /* MemeMeTests */ = {
			isa = PBXNativeTarget;
			buildConfigurationList = A09C08821B15020D00BD3157 /* Build configuration list for PBXNativeTarget "MemeMeTests" */;
			buildPhases = (
				A09C08711B15020D00BD3157 /* Sources */,
				A09C08721B15020D00BD3157 /* Frameworks */,
				A09C08731B15020D00BD3157 /* Resources */,
			);
			buildRules = (
			);
			dependencies = (
				A09C08771B15020D00BD3157 /* PBXTargetDependency */,
			);
			name = MemeMeTests;
			productName = MemeMeTests;
			productReference = A09C08751B15020D00BD3157 /* MemeMeTests.xctest */;
			productType = "com.apple.product-type.bundle.unit-test";
		};
/* End PBXNativeTarget section */

/* Begin PBXProject section */
		A09C08581B15020D00BD3157 /* Project object */ = {
			isa = PBXProject;
			attributes = {
				LastUpgradeCheck = 0620;
				ORGANIZATIONNAME = "Blake Elshire";
				TargetAttributes = {
					A09C085F1B15020D00BD3157 = {
						CreatedOnToolsVersion = 6.2;
					};
					A09C08741B15020D00BD3157 = {
						CreatedOnToolsVersion = 6.2;
						TestTargetID = A09C085F1B15020D00BD3157;
					};
				};
			};
			buildConfigurationList = A09C085B1B15020D00BD3157 /* Build configuration list for PBXProject "MemeMe" */;
			compatibilityVersion = "Xcode 3.2";
			developmentRegion = English;
			hasScannedForEncodings = 0;
			knownRegions = (
				en,
				Base,
			);
			mainGroup = A09C08571B15020D00BD3157;
			productRefGroup = A09C08611B15020D00BD3157 /* Products */;
			projectDirPath = "";
			projectRoot = "";
			targets = (
				A09C085F1B15020D00BD3157 /* MemeMe */,
				A09C08741B15020D00BD3157 /* MemeMeTests */,
			);
		};
/* End PBXProject section */

/* Begin PBXResourcesBuildPhase section */
		A09C085E1B15020D00BD3157 /* Resources */ = {
			isa = PBXResourcesBuildPhase;
			buildActionMask = 2147483647;
			files = (
				A09C086B1B15020D00BD3157 /* Main.storyboard in Resources */,
				A09C08701B15020D00BD3157 /* LaunchScreen.xib in Resources */,
				A09C086D1B15020D00BD3157 /* Images.xcassets in Resources */,
			);
			runOnlyForDeploymentPostprocessing = 0;
		};
		A09C08731B15020D00BD3157 /* Resources */ = {
			isa = PBXResourcesBuildPhase;
			buildActionMask = 2147483647;
			files = (
			);
			runOnlyForDeploymentPostprocessing = 0;
		};
/* End PBXResourcesBuildPhase section */

/* Begin PBXSourcesBuildPhase section */
		A09C085C1B15020D00BD3157 /* Sources */ = {
			isa = PBXSourcesBuildPhase;
			buildActionMask = 2147483647;
			files = (
				A09C088D1B176E7600BD3157 /* MemeCollectionViewCell.swift in Sources */,
				A09C08911B1CB0C400BD3157 /* MemeTableViewCell.swift in Sources */,
				A09C08871B164C2600BD3157 /* Meme.swift in Sources */,
				A09C08681B15020D00BD3157 /* MemeEditorViewController.swift in Sources */,
				A09C088B1B165AF500BD3157 /* MemeCollectionViewController.swift in Sources */,
				A09C088F1B18F19300BD3157 /* MemeDetailViewController.swift in Sources */,
				A09C08661B15020D00BD3157 /* AppDelegate.swift in Sources */,
				A09C08891B165AE100BD3157 /* MemeTableViewController.swift in Sources */,
			);
			runOnlyForDeploymentPostprocessing = 0;
		};
		A09C08711B15020D00BD3157 /* Sources */ = {
			isa = PBXSourcesBuildPhase;
			buildActionMask = 2147483647;
			files = (
				A09C087C1B15020D00BD3157 /* MemeMeTests.swift in Sources */,
			);
			runOnlyForDeploymentPostprocessing = 0;
		};
/* End PBXSourcesBuildPhase section */

/* Begin PBXTargetDependency section */
		A09C08771B15020D00BD3157 /* PBXTargetDependency */ = {
			isa = PBXTargetDependency;
			target = A09C085F1B15020D00BD3157 /* MemeMe */;
			targetProxy = A09C08761B15020D00BD3157 /* PBXContainerItemProxy */;
		};
/* End PBXTargetDependency section */

/* Begin PBXVariantGroup section */
		A09C08691B15020D00BD3157 /* Main.storyboard */ = {
			isa = PBXVariantGroup;
			children = (
				A09C086A1B15020D00BD3157 /* Base */,
			);
			name = Main.storyboard;
			sourceTree = "<group>";
		};
		A09C086E1B15020D00BD3157 /* LaunchScreen.xib */ = {
			isa = PBXVariantGroup;
			children = (
				A09C086F1B15020D00BD3157 /* Base */,
			);
			name = LaunchScreen.xib;
			sourceTree = "<group>";
		};
/* End PBXVariantGroup section */

/* Begin XCBuildConfiguration section */
		A09C087D1B15020D00BD3157 /* Debug */ = {
			isa = XCBuildConfiguration;
			buildSettings = {
				ALWAYS_SEARCH_USER_PATHS = NO;
				CLANG_CXX_LANGUAGE_STANDARD = "gnu++0x";
				CLANG_CXX_LIBRARY = "libc++";
				CLANG_ENABLE_MODULES = YES;
				CLANG_ENABLE_OBJC_ARC = YES;
				CLANG_WARN_BOOL_CONVERSION = YES;
				CLANG_WARN_CONSTANT_CONVERSION = YES;
				CLANG_WARN_DIRECT_OBJC_ISA_USAGE = YES_ERROR;
				CLANG_WARN_EMPTY_BODY = YES;
				CLANG_WARN_ENUM_CONVERSION = YES;
				CLANG_WARN_INT_CONVERSION = YES;
				CLANG_WARN_OBJC_ROOT_CLASS = YES_ERROR;
				CLANG_WARN_UNREACHABLE_CODE = YES;
				CLANG_WARN__DUPLICATE_METHOD_MATCH = YES;
				"CODE_SIGN_IDENTITY[sdk=iphoneos*]" = "iPhone Developer";
				COPY_PHASE_STRIP = NO;
				ENABLE_STRICT_OBJC_MSGSEND = YES;
				GCC_C_LANGUAGE_STANDARD = gnu99;
				GCC_DYNAMIC_NO_PIC = NO;
				GCC_OPTIMIZATION_LEVEL = 0;
				GCC_PREPROCESSOR_DEFINITIONS = (
					"DEBUG=1",
					"$(inherited)",
				);
				GCC_SYMBOLS_PRIVATE_EXTERN = NO;
				GCC_WARN_64_TO_32_BIT_CONVERSION = YES;
				GCC_WARN_ABOUT_RETURN_TYPE = YES_ERROR;
				GCC_WARN_UNDECLARED_SELECTOR = YES;
				GCC_WARN_UNINITIALIZED_AUTOS = YES_AGGRESSIVE;
				GCC_WARN_UNUSED_FUNCTION = YES;
				GCC_WARN_UNUSED_VARIABLE = YES;
				IPHONEOS_DEPLOYMENT_TARGET = 8.2;
				MTL_ENABLE_DEBUG_INFO = YES;
				ONLY_ACTIVE_ARCH = YES;
				SDKROOT = iphoneos;
				SWIFT_OPTIMIZATION_LEVEL = "-Onone";
			};
			name = Debug;
		};
		A09C087E1B15020D00BD3157 /* Release */ = {
			isa = XCBuildConfiguration;
			buildSettings = {
				ALWAYS_SEARCH_USER_PATHS = NO;
				CLANG_CXX_LANGUAGE_STANDARD = "gnu++0x";
				CLANG_CXX_LIBRARY = "libc++";
				CLANG_ENABLE_MODULES = YES;
				CLANG_ENABLE_OBJC_ARC = YES;
				CLANG_WARN_BOOL_CONVERSION = YES;
				CLANG_WARN_CONSTANT_CONVERSION = YES;
				CLANG_WARN_DIRECT_OBJC_ISA_USAGE = YES_ERROR;
				CLANG_WARN_EMPTY_BODY = YES;
				CLANG_WARN_ENUM_CONVERSION = YES;
				CLANG_WARN_INT_CONVERSION = YES;
				CLANG_WARN_OBJC_ROOT_CLASS = YES_ERROR;
				CLANG_WARN_UNREACHABLE_CODE = YES;
				CLANG_WARN__DUPLICATE_METHOD_MATCH = YES;
				"CODE_SIGN_IDENTITY[sdk=iphoneos*]" = "iPhone Developer";
				COPY_PHASE_STRIP = NO;
				ENABLE_NS_ASSERTIONS = NO;
				ENABLE_STRICT_OBJC_MSGSEND = YES;
				GCC_C_LANGUAGE_STANDARD = gnu99;
				GCC_WARN_64_TO_32_BIT_CONVERSION = YES;
				GCC_WARN_ABOUT_RETURN_TYPE = YES_ERROR;
				GCC_WARN_UNDECLARED_SELECTOR = YES;
				GCC_WARN_UNINITIALIZED_AUTOS = YES_AGGRESSIVE;
				GCC_WARN_UNUSED_FUNCTION = YES;
				GCC_WARN_UNUSED_VARIABLE = YES;
				IPHONEOS_DEPLOYMENT_TARGET = 8.2;
				MTL_ENABLE_DEBUG_INFO = NO;
				SDKROOT = iphoneos;
				VALIDATE_PRODUCT = YES;
			};
			name = Release;
		};
		A09C08801B15020D00BD3157 /* Debug */ = {
			isa = XCBuildConfiguration;
			buildSettings = {
				ASSETCATALOG_COMPILER_APPICON_NAME = AppIcon;
				INFOPLIST_FILE = MemeMe/Info.plist;
				LD_RUNPATH_SEARCH_PATHS = "$(inherited) @executable_path/Frameworks";
				PRODUCT_NAME = "$(TARGET_NAME)";
			};
			name = Debug;
		};
		A09C08811B15020D00BD3157 /* Release */ = {
			isa = XCBuildConfiguration;
			buildSettings = {
				ASSETCATALOG_COMPILER_APPICON_NAME = AppIcon;
				INFOPLIST_FILE = MemeMe/Info.plist;
				LD_RUNPATH_SEARCH_PATHS = "$(inherited) @executable_path/Frameworks";
				PRODUCT_NAME = "$(TARGET_NAME)";
			};
			name = Release;
		};
		A09C08831B15020D00BD3157 /* Debug */ = {
			isa = XCBuildConfiguration;
			buildSettings = {
				BUNDLE_LOADER = "$(TEST_HOST)";
				FRAMEWORK_SEARCH_PATHS = (
					"$(SDKROOT)/Developer/Library/Frameworks",
					"$(inherited)",
				);
				GCC_PREPROCESSOR_DEFINITIONS = (
					"DEBUG=1",
					"$(inherited)",
				);
				INFOPLIST_FILE = MemeMeTests/Info.plist;
				LD_RUNPATH_SEARCH_PATHS = "$(inherited) @executable_path/Frameworks @loader_path/Frameworks";
				PRODUCT_NAME = "$(TARGET_NAME)";
				TEST_HOST = "$(BUILT_PRODUCTS_DIR)/MemeMe.app/MemeMe";
			};
			name = Debug;
		};
		A09C08841B15020D00BD3157 /* Release */ = {
			isa = XCBuildConfiguration;
			buildSettings = {
				BUNDLE_LOADER = "$(TEST_HOST)";
				FRAMEWORK_SEARCH_PATHS = (
					"$(SDKROOT)/Developer/Library/Frameworks",
					"$(inherited)",
				);
				INFOPLIST_FILE = MemeMeTests/Info.plist;
				LD_RUNPATH_SEARCH_PATHS = "$(inherited) @executable_path/Frameworks @loader_path/Frameworks";
				PRODUCT_NAME = "$(TARGET_NAME)";
				TEST_HOST = "$(BUILT_PRODUCTS_DIR)/MemeMe.app/MemeMe";
			};
			name = Release;
		};
/* End XCBuildConfiguration section */

/* Begin XCConfigurationList section */
		A09C085B1B15020D00BD3157 /* Build configuration list for PBXProject "MemeMe" */ = {
			isa = XCConfigurationList;
			buildConfigurations = (
				A09C087D1B15020D00BD3157 /* Debug */,
				A09C087E1B15020D00BD3157 /* Release */,
			);
			defaultConfigurationIsVisible = 0;
			defaultConfigurationName = Release;
		};
		A09C087F1B15020D00BD3157 /* Build configuration list for PBXNativeTarget "MemeMe" */ = {
			isa = XCConfigurationList;
			buildConfigurations = (
				A09C08801B15020D00BD3157 /* Debug */,
				A09C08811B15020D00BD3157 /* Release */,
			);
			defaultConfigurationIsVisible = 0;
			defaultConfigurationName = Release;
		};
		A09C08821B15020D00BD3157 /* Build configuration list for PBXNativeTarget "MemeMeTests" */ = {
			isa = XCConfigurationList;
			buildConfigurations = (
				A09C08831B15020D00BD3157 /* Debug */,
				A09C08841B15020D00BD3157 /* Release */,
			);
			defaultConfigurationIsVisible = 0;
			defaultConfigurationName = Release;
		};
/* End XCConfigurationList section */
	};
	rootObject = A09C08581B15020D00BD3157 /* Project object */;
}
